
Microsoft Visual Studio Solution File, Format Version 12.00
# Visual Studio Version 16
VisualStudioVersion = 16.0.30907.101
MinimumVisualStudioVersion = 10.0.40219.1
Project("{FAE04EC0-301F-11D3-BF4B-00C04F79EFBC}") = "CassandraCore", "CassandraCore\CassandraCore.csproj", "{C91A138F-2C92-4FA3-B526-2C9C2D72D68A}"
EndProject
Global
	GlobalSection(SolutionConfigurationPlatforms) = preSolution
		Debug|Any CPU = Debug|Any CPU
		Release|Any CPU = Release|Any CPU
	EndGlobalSection
	GlobalSection(ProjectConfigurationPlatforms) = postSolution
		{C91A138F-2C92-4FA3-B526-2C9C2D72D68A}.Debug|Any CPU.ActiveCfg = Debug|Any CPU
		{C91A138F-2C92-4FA3-B526-2C9C2D72D68A}.Debug|Any CPU.Build.0 = Debug|Any CPU
		{C91A138F-2C92-4FA3-B526-2C9C2D72D68A}.Release|Any CPU.ActiveCfg = Release|Any CPU
		{C91A138F-2C92-4FA3-B526-2C9C2D72D68A}.Release|Any CPU.Build.0 = Release|Any CPU
	EndGlobalSection
	GlobalSection(SolutionProperties) = preSolution
		HideSolutionNode = FALSE
	EndGlobalSection
	GlobalSection(ExtensibilityGlobals) = postSolution
		SolutionGuid = {C6873609-91F7-49A7-9CA2-70C4B0F32A63}
	EndGlobalSection
EndGlobal
